{
  "name": "music_player",
  "version": "1.0.0",
  "lockfileVersion": 3,
  "requires": true,
  "packages": {
    "": {
      "name": "project-02",
      "version": "1.0.0",
      "license": "ISC",
      "dependencies": {
        "express": "^4.21.1",
        "mongoose": "^8.8.2"
      }
    }
  }
}